
Microsoft Visual Studio Solution File, Format Version 12.00
# Visual Studio Version 17
VisualStudioVersion = 17.10.35122.118
MinimumVisualStudioVersion = 10.0.40219.1
Project("{9A19103F-16F7-4668-BE54-9A1E7A4F7556}") = "App.Application", "App.Application\App.Application.csproj", "{431B372E-F990-4510-B0E0-FB14843AFED0}"
EndProject
Project("{9A19103F-16F7-4668-BE54-9A1E7A4F7556}") = "App.Domain", "App.Domain\App.Domain.csproj", "{7AC6D72A-3858-4209-80C6-4CF728C07C9B}"
EndProject
Project("{9A19103F-16F7-4668-BE54-9A1E7A4F7556}") = "App.Infrastructure", "App.Infrastructure\App.Infrastructure.csproj", "{66003EFB-8C01-4D7D-AE3E-2AF500B95074}"
EndProject
Project("{9A19103F-16F7-4668-BE54-9A1E7A4F7556}") = "App.Api", "App.Api\App.Api.csproj", "{998F7B20-FCED-42B3-A2C5-0E971627142A}"
EndProject
Project("{FAE04EC0-301F-11D3-BF4B-00C04F79EFBC}") = "App.UnitTests", "App.Customers.UnitTests\App.UnitTests.csproj", "{78ABC1C9-3481-4A4B-9D83-C84BCFA057DC}"
EndProject
Global
	GlobalSection(SolutionConfigurationPlatforms) = preSolution
		Debug|Any CPU = Debug|Any CPU
		Release|Any CPU = Release|Any CPU
	EndGlobalSection
	GlobalSection(ProjectConfigurationPlatforms) = postSolution
		{431B372E-F990-4510-B0E0-FB14843AFED0}.Debug|Any CPU.ActiveCfg = Debug|Any CPU
		{431B372E-F990-4510-B0E0-FB14843AFED0}.Debug|Any CPU.Build.0 = Debug|Any CPU
		{431B372E-F990-4510-B0E0-FB14843AFED0}.Release|Any CPU.ActiveCfg = Release|Any CPU
		{431B372E-F990-4510-B0E0-FB14843AFED0}.Release|Any CPU.Build.0 = Release|Any CPU
		{7AC6D72A-3858-4209-80C6-4CF728C07C9B}.Debug|Any CPU.ActiveCfg = Debug|Any CPU
		{7AC6D72A-3858-4209-80C6-4CF728C07C9B}.Debug|Any CPU.Build.0 = Debug|Any CPU
		{7AC6D72A-3858-4209-80C6-4CF728C07C9B}.Release|Any CPU.ActiveCfg = Release|Any CPU
		{7AC6D72A-3858-4209-80C6-4CF728C07C9B}.Release|Any CPU.Build.0 = Release|Any CPU
		{66003EFB-8C01-4D7D-AE3E-2AF500B95074}.Debug|Any CPU.ActiveCfg = Debug|Any CPU
		{66003EFB-8C01-4D7D-AE3E-2AF500B95074}.Debug|Any CPU.Build.0 = Debug|Any CPU
		{66003EFB-8C01-4D7D-AE3E-2AF500B95074}.Release|Any CPU.ActiveCfg = Release|Any CPU
		{66003EFB-8C01-4D7D-AE3E-2AF500B95074}.Release|Any CPU.Build.0 = Release|Any CPU
		{998F7B20-FCED-42B3-A2C5-0E971627142A}.Debug|Any CPU.ActiveCfg = Debug|Any CPU
		{998F7B20-FCED-42B3-A2C5-0E971627142A}.Debug|Any CPU.Build.0 = Debug|Any CPU
		{998F7B20-FCED-42B3-A2C5-0E971627142A}.Release|Any CPU.ActiveCfg = Release|Any CPU
		{998F7B20-FCED-42B3-A2C5-0E971627142A}.Release|Any CPU.Build.0 = Release|Any CPU
		{78ABC1C9-3481-4A4B-9D83-C84BCFA057DC}.Debug|Any CPU.ActiveCfg = Debug|Any CPU
		{78ABC1C9-3481-4A4B-9D83-C84BCFA057DC}.Debug|Any CPU.Build.0 = Debug|Any CPU
		{78ABC1C9-3481-4A4B-9D83-C84BCFA057DC}.Release|Any CPU.ActiveCfg = Release|Any CPU
		{78ABC1C9-3481-4A4B-9D83-C84BCFA057DC}.Release|Any CPU.Build.0 = Release|Any CPU
	EndGlobalSection
	GlobalSection(SolutionProperties) = preSolution
		HideSolutionNode = FALSE
	EndGlobalSection
	GlobalSection(ExtensibilityGlobals) = postSolution
		SolutionGuid = {D68510F9-8B8B-4C3B-92EB-4BCC103A380B}
	EndGlobalSection
EndGlobal
